
Microsoft Visual Studio Solution File, Format Version 12.00
# Visual Studio Version 16
VisualStudioVersion = 16.0.29728.190
MinimumVisualStudioVersion = 10.0.40219.1
Project("{FAE04EC0-301F-11D3-BF4B-00C04F79EFBC}") = "DrawProgram", "DrawProgram\DrawProgram.csproj", "{C1748D4D-5741-4160-9280-3DE86979F340}"
EndProject
Global
	GlobalSection(SolutionConfigurationPlatforms) = preSolution
		Debug|Any CPU = Debug|Any CPU
		Release|Any CPU = Release|Any CPU
	EndGlobalSection
	GlobalSection(ProjectConfigurationPlatforms) = postSolution
		{C1748D4D-5741-4160-9280-3DE86979F340}.Debug|Any CPU.ActiveCfg = Debug|Any CPU
		{C1748D4D-5741-4160-9280-3DE86979F340}.Debug|Any CPU.Build.0 = Debug|Any CPU
		{C1748D4D-5741-4160-9280-3DE86979F340}.Release|Any CPU.ActiveCfg = Release|Any CPU
		{C1748D4D-5741-4160-9280-3DE86979F340}.Release|Any CPU.Build.0 = Release|Any CPU
	EndGlobalSection
	GlobalSection(SolutionProperties) = preSolution
		HideSolutionNode = FALSE
	EndGlobalSection
	GlobalSection(ExtensibilityGlobals) = postSolution
		SolutionGuid = {D0A81FD5-1BB3-4E64-B4F2-72B2291396F2}
	EndGlobalSection
EndGlobal
